// !$*UTF8*$!
{
	archiveVersion = 1;
	classes = {
	};
	objectVersion = 50;
	objects = {

/* Begin PBXBuildFile section */
		5FE987A12240E005003D72A6 /* AppDelegate.swift in Sources */ = {isa = PBXBuildFile; fileRef = 5FE987A02240E005003D72A6 /* AppDelegate.swift */; };
		5FE987A32240E005003D72A6 /* ViewController.swift in Sources */ = {isa = PBXBuildFile; fileRef = 5FE987A22240E005003D72A6 /* ViewController.swift */; };
		5FE987A62240E005003D72A6 /* Main.storyboard in Resources */ = {isa = PBXBuildFile; fileRef = 5FE987A42240E005003D72A6 /* Main.storyboard */; };
		5FE987A92240E005003D72A6 /* AccountTest100.xcdatamodeld in Sources */ = {isa = PBXBuildFile; fileRef = 5FE987A72240E005003D72A6 /* AccountTest100.xcdatamodeld */; };
		5FE987AB2240E005003D72A6 /* Assets.xcassets in Resources */ = {isa = PBXBuildFile; fileRef = 5FE987AA2240E005003D72A6 /* Assets.xcassets */; };
		5FE987AE2240E005003D72A6 /* LaunchScreen.storyboard in Resources */ = {isa = PBXBuildFile; fileRef = 5FE987AC2240E005003D72A6 /* LaunchScreen.storyboard */; };
		5FE987B92240E006003D72A6 /* AccountTest100Tests.swift in Sources */ = {isa = PBXBuildFile; fileRef = 5FE987B82240E006003D72A6 /* AccountTest100Tests.swift */; };
		5FE987C42240E006003D72A6 /* AccountTest100UITests.swift in Sources */ = {isa = PBXBuildFile; fileRef = 5FE987C32240E006003D72A6 /* AccountTest100UITests.swift */; };
		5FE987D52240E193003D72A6 /* DesContent.strings in Resources */ = {isa = PBXBuildFile; fileRef = 5FE987D72240E193003D72A6 /* DesContent.strings */; };
/* End PBXBuildFile section */

/* Begin PBXContainerItemProxy section */
		5FE987B52240E006003D72A6 /* PBXContainerItemProxy */ = {
			isa = PBXContainerItemProxy;
			containerPortal = 5FE987952240E005003D72A6 /* Project object */;
			proxyType = 1;
			remoteGlobalIDString = 5FE9879C2240E005003D72A6;
			remoteInfo = AccountTest100;
		};
		5FE987C02240E006003D72A6 /* PBXContainerItemProxy */ = {
			isa = PBXContainerItemProxy;
			containerPortal = 5FE987952240E005003D72A6 /* Project object */;
			proxyType = 1;
			remoteGlobalIDString = 5FE9879C2240E005003D72A6;
			remoteInfo = AccountTest100;
		};
/* End PBXContainerItemProxy section */

/* Begin PBXFileReference section */
		5FE9879D2240E005003D72A6 /* AccountTest100.app */ = {isa = PBXFileReference; explicitFileType = wrapper.application; includeInIndex = 0; path = AccountTest100.app; sourceTree = BUILT_PRODUCTS_DIR; };
		5FE987A02240E005003D72A6 /* AppDelegate.swift */ = {isa = PBXFileReference; lastKnownFileType = sourcecode.swift; path = AppDelegate.swift; sourceTree = "<group>"; };
		5FE987A22240E005003D72A6 /* ViewController.swift */ = {isa = PBXFileReference; lastKnownFileType = sourcecode.swift; path = ViewController.swift; sourceTree = "<group>"; };
		5FE987A52240E005003D72A6 /* Base */ = {isa = PBXFileReference; lastKnownFileType = file.storyboard; name = Base; path = Base.lproj/Main.storyboard; sourceTree = "<group>"; };
		5FE987A82240E005003D72A6 /* AccountTest100.xcdatamodel */ = {isa = PBXFileReference; lastKnownFileType = wrapper.xcdatamodel; path = AccountTest100.xcdatamodel; sourceTree = "<group>"; };
		5FE987AA2240E005003D72A6 /* Assets.xcassets */ = {isa = PBXFileReference; lastKnownFileType = folder.assetcatalog; path = Assets.xcassets; sourceTree = "<group>"; };
		5FE987AD2240E005003D72A6 /* Base */ = {isa = PBXFileReference; lastKnownFileType = file.storyboard; name = Base; path = Base.lproj/LaunchScreen.storyboard; sourceTree = "<group>"; };
		5FE987AF2240E005003D72A6 /* Info.plist */ = {isa = PBXFileReference; lastKnownFileType = text.plist.xml; path = Info.plist; sourceTree = "<group>"; };
		5FE987B42240E006003D72A6 /* AccountTest100Tests.xctest */ = {isa = PBXFileReference; explicitFileType = wrapper.cfbundle; includeInIndex = 0; path = AccountTest100Tests.xctest; sourceTree = BUILT_PRODUCTS_DIR; };
		5FE987B82240E006003D72A6 /* AccountTest100Tests.swift */ = {isa = PBXFileReference; lastKnownFileType = sourcecode.swift; path = AccountTest100Tests.swift; sourceTree = "<group>"; };
		5FE987BA2240E006003D72A6 /* Info.plist */ = {isa = PBXFileReference; lastKnownFileType = text.plist.xml; path = Info.plist; sourceTree = "<group>"; };
		5FE987BF2240E006003D72A6 /* AccountTest100UITests.xctest */ = {isa = PBXFileReference; explicitFileType = wrapper.cfbundle; includeInIndex = 0; path = AccountTest100UITests.xctest; sourceTree = BUILT_PRODUCTS_DIR; };
		5FE987C32240E006003D72A6 /* AccountTest100UITests.swift */ = {isa = PBXFileReference; lastKnownFileType = sourcecode.swift; path = AccountTest100UITests.swift; sourceTree = "<group>"; };
		5FE987C52240E006003D72A6 /* Info.plist */ = {isa = PBXFileReference; lastKnownFileType = text.plist.xml; path = Info.plist; sourceTree = "<group>"; };
		5FE987D62240E193003D72A6 /* en */ = {isa = PBXFileReference; lastKnownFileType = text.plist.strings; name = en; path = en.lproj/DesContent.strings; sourceTree = "<group>"; };
		5FE987D82240E1D3003D72A6 /* zh-Hans */ = {isa = PBXFileReference; lastKnownFileType = text.plist.strings; name = "zh-Hans"; path = "zh-Hans.lproj/DesContent.strings"; sourceTree = "<group>"; };
/* End PBXFileReference section */

/* Begin PBXFrameworksBuildPhase section */
		5FE9879A2240E005003D72A6 /* Frameworks */ = {
			isa = PBXFrameworksBuildPhase;
			buildActionMask = 2147483647;
			files = (
			);
			runOnlyForDeploymentPostprocessing = 0;
		};
		5FE987B12240E006003D72A6 /* Frameworks */ = {
			isa = PBXFrameworksBuildPhase;
			buildActionMask = 2147483647;
			files = (
			);
			runOnlyForDeploymentPostprocessing = 0;
		};
		5FE987BC2240E006003D72A6 /* Frameworks */ = {
			isa = PBXFrameworksBuildPhase;
			buildActionMask = 2147483647;
			files = (
			);
			runOnlyForDeploymentPostprocessing = 0;
		};
/* End PBXFrameworksBuildPhase section */

/* Begin PBXGroup section */
		5FE987942240E005003D72A6 = {
			isa = PBXGroup;
			children = (
				5FE9879F2240E005003D72A6 /* AccountTest100 */,
				5FE987B72240E006003D72A6 /* AccountTest100Tests */,
				5FE987C22240E006003D72A6 /* AccountTest100UITests */,
				5FE9879E2240E005003D72A6 /* Products */,
			);
			sourceTree = "<group>";
		};
		5FE9879E2240E005003D72A6 /* Products */ = {
			isa = PBXGroup;
			children = (
				5FE9879D2240E005003D72A6 /* AccountTest100.app */,
				5FE987B42240E006003D72A6 /* AccountTest100Tests.xctest */,
				5FE987BF2240E006003D72A6 /* AccountTest100UITests.xctest */,
			);
			name = Products;
			sourceTree = "<group>";
		};
		5FE9879F2240E005003D72A6 /* AccountTest100 */ = {
			isa = PBXGroup;
			children = (
				5FE987A02240E005003D72A6 /* AppDelegate.swift */,
				5FE987A22240E005003D72A6 /* ViewController.swift */,
				5FE987A42240E005003D72A6 /* Main.storyboard */,
				5FE987AA2240E005003D72A6 /* Assets.xcassets */,
				5FE987AC2240E005003D72A6 /* LaunchScreen.storyboard */,
				5FE987AF2240E005003D72A6 /* Info.plist */,
				5FE987A72240E005003D72A6 /* AccountTest100.xcdatamodeld */,
				5FE987D72240E193003D72A6 /* DesContent.strings */,
			);
			path = AccountTest100;
			sourceTree = "<group>";
		};
		5FE987B72240E006003D72A6 /* AccountTest100Tests */ = {
			isa = PBXGroup;
			children = (
				5FE987B82240E006003D72A6 /* AccountTest100Tests.swift */,
				5FE987BA2240E006003D72A6 /* Info.plist */,
			);
			path = AccountTest100Tests;
			sourceTree = "<group>";
		};
		5FE987C22240E006003D72A6 /* AccountTest100UITests */ = {
			isa = PBXGroup;
			children = (
				5FE987C32240E006003D72A6 /* AccountTest100UITests.swift */,
				5FE987C52240E006003D72A6 /* Info.plist */,
			);
			path = AccountTest100UITests;
			sourceTree = "<group>";
		};
/* End PBXGroup section */

/* Begin PBXNativeTarget section */
		5FE9879C2240E005003D72A6 /* AccountTest100 */ = {
			isa = PBXNativeTarget;
			buildConfigurationList = 5FE987C82240E006003D72A6 /* Build configuration list for PBXNativeTarget "AccountTest100" */;
			buildPhases = (
				5FE987992240E005003D72A6 /* Sources */,
				5FE9879A2240E005003D72A6 /* Frameworks */,
				5FE9879B2240E005003D72A6 /* Resources */,
			);
			buildRules = (
			);
			dependencies = (
			);
			name = AccountTest100;
			productName = AccountTest100;
			productReference = 5FE9879D2240E005003D72A6 /* AccountTest100.app */;
			productType = "com.apple.product-type.application";
		};
		5FE987B32240E006003D72A6 /* AccountTest100Tests */ = {
			isa = PBXNativeTarget;
			buildConfigurationList = 5FE987CB2240E006003D72A6 /* Build configuration list for PBXNativeTarget "AccountTest100Tests" */;
			buildPhases = (
				5FE987B02240E006003D72A6 /* Sources */,
				5FE987B12240E006003D72A6 /* Frameworks */,
				5FE987B22240E006003D72A6 /* Resources */,
			);
			buildRules = (
			);
			dependencies = (
				5FE987B62240E006003D72A6 /* PBXTargetDependency */,
			);
			name = AccountTest100Tests;
			productName = AccountTest100Tests;
			productReference = 5FE987B42240E006003D72A6 /* AccountTest100Tests.xctest */;
			productType = "com.apple.product-type.bundle.unit-test";
		};
		5FE987BE2240E006003D72A6 /* AccountTest100UITests */ = {
			isa = PBXNativeTarget;
			buildConfigurationList = 5FE987CE2240E006003D72A6 /* Build configuration list for PBXNativeTarget "AccountTest100UITests" */;
			buildPhases = (
				5FE987BB2240E006003D72A6 /* Sources */,
				5FE987BC2240E006003D72A6 /* Frameworks */,
				5FE987BD2240E006003D72A6 /* Resources */,
			);
			buildRules = (
			);
			dependencies = (
				5FE987C12240E006003D72A6 /* PBXTargetDependency */,
			);
			name = AccountTest100UITests;
			productName = AccountTest100UITests;
			productReference = 5FE987BF2240E006003D72A6 /* AccountTest100UITests.xctest */;
			productType = "com.apple.product-type.bundle.ui-testing";
		};
/* End PBXNativeTarget section */

/* Begin PBXProject section */
		5FE987952240E005003D72A6 /* Project object */ = {
			isa = PBXProject;
			attributes = {
				LastSwiftUpdateCheck = 1010;
				LastUpgradeCheck = 1010;
				ORGANIZATIONNAME = deepreality;
				TargetAttributes = {
					5FE9879C2240E005003D72A6 = {
						CreatedOnToolsVersion = 10.1;
					};
					5FE987B32240E006003D72A6 = {
						CreatedOnToolsVersion = 10.1;
						TestTargetID = 5FE9879C2240E005003D72A6;
					};
					5FE987BE2240E006003D72A6 = {
						CreatedOnToolsVersion = 10.1;
						TestTargetID = 5FE9879C2240E005003D72A6;
					};
				};
			};
			buildConfigurationList = 5FE987982240E005003D72A6 /* Build configuration list for PBXProject "AccountTest100" */;
			compatibilityVersion = "Xcode 9.3";
			developmentRegion = en;
			hasScannedForEncodings = 0;
			knownRegions = (
				en,
				Base,
				"zh-Hans",
			);
			mainGroup = 5FE987942240E005003D72A6;
			productRefGroup = 5FE9879E2240E005003D72A6 /* Products */;
			projectDirPath = "";
			projectRoot = "";
			targets = (
				5FE9879C2240E005003D72A6 /* AccountTest100 */,
				5FE987B32240E006003D72A6 /* AccountTest100Tests */,
				5FE987BE2240E006003D72A6 /* AccountTest100UITests */,
			);
		};
/* End PBXProject section */

/* Begin PBXResourcesBuildPhase section */
		5FE9879B2240E005003D72A6 /* Resources */ = {
			isa = PBXResourcesBuildPhase;
			buildActionMask = 2147483647;
			files = (
				5FE987AE2240E005003D72A6 /* LaunchScreen.storyboard in Resources */,
				5FE987D52240E193003D72A6 /* DesContent.strings in Resources */,
				5FE987AB2240E005003D72A6 /* Assets.xcassets in Resources */,
				5FE987A62240E005003D72A6 /* Main.storyboard in Resources */,
			);
			runOnlyForDeploymentPostprocessing = 0;
		};
		5FE987B22240E006003D72A6 /* Resources */ = {
			isa = PBXResourcesBuildPhase;
			buildActionMask = 2147483647;
			files = (
			);
			runOnlyForDeploymentPostprocessing = 0;
		};
		5FE987BD2240E006003D72A6 /* Resources */ = {
			isa = PBXResourcesBuildPhase;
			buildActionMask = 2147483647;
			files = (
			);
			runOnlyForDeploymentPostprocessing = 0;
		};
/* End PBXResourcesBuildPhase section */

/* Begin PBXSourcesBuildPhase section */
		5FE987992240E005003D72A6 /* Sources */ = {
			isa = PBXSourcesBuildPhase;
			buildActionMask = 2147483647;
			files = (
				5FE987A32240E005003D72A6 /* ViewController.swift in Sources */,
				5FE987A92240E005003D72A6 /* AccountTest100.xcdatamodeld in Sources */,
				5FE987A12240E005003D72A6 /* AppDelegate.swift in Sources */,
			);
			runOnlyForDeploymentPostprocessing = 0;
		};
		5FE987B02240E006003D72A6 /* Sources */ = {
			isa = PBXSourcesBuildPhase;
			buildActionMask = 2147483647;
			files = (
				5FE987B92240E006003D72A6 /* AccountTest100Tests.swift in Sources */,
			);
			runOnlyForDeploymentPostprocessing = 0;
		};
		5FE987BB2240E006003D72A6 /* Sources */ = {
			isa = PBXSourcesBuildPhase;
			buildActionMask = 2147483647;
			files = (
				5FE987C42240E006003D72A6 /* AccountTest100UITests.swift in Sources */,
			);
			runOnlyForDeploymentPostprocessing = 0;
		};
/* End PBXSourcesBuildPhase section */

/* Begin PBXTargetDependency section */
		5FE987B62240E006003D72A6 /* PBXTargetDependency */ = {
			isa = PBXTargetDependency;
			target = 5FE9879C2240E005003D72A6 /* AccountTest100 */;
			targetProxy = 5FE987B52240E006003D72A6 /* PBXContainerItemProxy */;
		};
		5FE987C12240E006003D72A6 /* PBXTargetDependency */ = {
			isa = PBXTargetDependency;
			target = 5FE9879C2240E005003D72A6 /* AccountTest100 */;
			targetProxy = 5FE987C02240E006003D72A6 /* PBXContainerItemProxy */;
		};
/* End PBXTargetDependency section */

/* Begin PBXVariantGroup section */
		5FE987A42240E005003D72A6 /* Main.storyboard */ = {
			isa = PBXVariantGroup;
			children = (
				5FE987A52240E005003D72A6 /* Base */,
			);
			name = Main.storyboard;
			sourceTree = "<group>";
		};
		5FE987AC2240E005003D72A6 /* LaunchScreen.storyboard */ = {
			isa = PBXVariantGroup;
			children = (
				5FE987AD2240E005003D72A6 /* Base */,
			);
			name = LaunchScreen.storyboard;
			sourceTree = "<group>";
		};
		5FE987D72240E193003D72A6 /* DesContent.strings */ = {
			isa = PBXVariantGroup;
			children = (
				5FE987D62240E193003D72A6 /* en */,
				5FE987D82240E1D3003D72A6 /* zh-Hans */,
			);
			name = DesContent.strings;
			sourceTree = "<group>";
		};
/* End PBXVariantGroup section */

/* Begin XCBuildConfiguration section */
		5FE987C62240E006003D72A6 /* Debug */ = {
			isa = XCBuildConfiguration;
			buildSettings = {
				ALWAYS_SEARCH_USER_PATHS = NO;
				CLANG_ANALYZER_LOCALIZABILITY_NONLOCALIZED = YES;
				CLANG_ANALYZER_NONNULL = YES;
				CLANG_ANALYZER_NUMBER_OBJECT_CONVERSION = YES_AGGRESSIVE;
				CLANG_CXX_LANGUAGE_STANDARD = "gnu++14";
				CLANG_CXX_LIBRARY = "libc++";
				CLANG_ENABLE_MODULES = YES;
				CLANG_ENABLE_OBJC_ARC = YES;
				CLANG_ENABLE_OBJC_WEAK = YES;
				CLANG_WARN_BLOCK_CAPTURE_AUTORELEASING = YES;
				CLANG_WARN_BOOL_CONVERSION = YES;
				CLANG_WARN_COMMA = YES;
				CLANG_WARN_CONSTANT_CONVERSION = YES;
				CLANG_WARN_DEPRECATED_OBJC_IMPLEMENTATIONS = YES;
				CLANG_WARN_DIRECT_OBJC_ISA_USAGE = YES_ERROR;
				CLANG_WARN_DOCUMENTATION_COMMENTS = YES;
				CLANG_WARN_EMPTY_BODY = YES;
				CLANG_WARN_ENUM_CONVERSION = YES;
				CLANG_WARN_INFINITE_RECURSION = YES;
				CLANG_WARN_INT_CONVERSION = YES;
				CLANG_WARN_NON_LITERAL_NULL_CONVERSION = YES;
				CLANG_WARN_OBJC_IMPLICIT_RETAIN_SELF = YES;
				CLANG_WARN_OBJC_LITERAL_CONVERSION = YES;
				CLANG_WARN_OBJC_ROOT_CLASS = YES_ERROR;
				CLANG_WARN_RANGE_LOOP_ANALYSIS = YES;
				CLANG_WARN_STRICT_PROTOTYPES = YES;
				CLANG_WARN_SUSPICIOUS_MOVE = YES;
				CLANG_WARN_UNGUARDED_AVAILABILITY = YES_AGGRESSIVE;
				CLANG_WARN_UNREACHABLE_CODE = YES;
				CLANG_WARN__DUPLICATE_METHOD_MATCH = YES;
				CODE_SIGN_IDENTITY = "iPhone Developer";
				COPY_PHASE_STRIP = NO;
				DEBUG_INFORMATION_FORMAT = dwarf;
				ENABLE_STRICT_OBJC_MSGSEND = YES;
				ENABLE_TESTABILITY = YES;
				GCC_C_LANGUAGE_STANDARD = gnu11;
				GCC_DYNAMIC_NO_PIC = NO;
				GCC_NO_COMMON_BLOCKS = YES;
				GCC_OPTIMIZATION_LEVEL = 0;
				GCC_PREPROCESSOR_DEFINITIONS = (
					"DEBUG=1",
					"$(inherited)",
				);
				GCC_WARN_64_TO_32_BIT_CONVERSION = YES;
				GCC_WARN_ABOUT_RETURN_TYPE = YES_ERROR;
				GCC_WARN_UNDECLARED_SELECTOR = YES;
				GCC_WARN_UNINITIALIZED_AUTOS = YES_AGGRESSIVE;
				GCC_WARN_UNUSED_FUNCTION = YES;
				GCC_WARN_UNUSED_VARIABLE = YES;
				IPHONEOS_DEPLOYMENT_TARGET = 12.1;
				MTL_ENABLE_DEBUG_INFO = INCLUDE_SOURCE;
				MTL_FAST_MATH = YES;
				ONLY_ACTIVE_ARCH = YES;
				SDKROOT = iphoneos;
				SWIFT_ACTIVE_COMPILATION_CONDITIONS = DEBUG;
				SWIFT_OPTIMIZATION_LEVEL = "-Onone";
			};
			name = Debug;
		};
		5FE987C72240E006003D72A6 /* Release */ = {
			isa = XCBuildConfiguration;
			buildSettings = {
				ALWAYS_SEARCH_USER_PATHS = NO;
				CLANG_ANALYZER_LOCALIZABILITY_NONLOCALIZED = YES;
				CLANG_ANALYZER_NONNULL = YES;
				CLANG_ANALYZER_NUMBER_OBJECT_CONVERSION = YES_AGGRESSIVE;
				CLANG_CXX_LANGUAGE_STANDARD = "gnu++14";
				CLANG_CXX_LIBRARY = "libc++";
				CLANG_ENABLE_MODULES = YES;
				CLANG_ENABLE_OBJC_ARC = YES;
				CLANG_ENABLE_OBJC_WEAK = YES;
				CLANG_WARN_BLOCK_CAPTURE_AUTORELEASING = YES;
				CLANG_WARN_BOOL_CONVERSION = YES;
				CLANG_WARN_COMMA = YES;
				CLANG_WARN_CONSTANT_CONVERSION = YES;
				CLANG_WARN_DEPRECATED_OBJC_IMPLEMENTATIONS = YES;
				CLANG_WARN_DIRECT_OBJC_ISA_USAGE = YES_ERROR;
				CLANG_WARN_DOCUMENTATION_COMMENTS = YES;
				CLANG_WARN_EMPTY_BODY = YES;
				CLANG_WARN_ENUM_CONVERSION = YES;
				CLANG_WARN_INFINITE_RECURSION = YES;
				CLANG_WARN_INT_CONVERSION = YES;
				CLANG_WARN_NON_LITERAL_NULL_CONVERSION = YES;
				CLANG_WARN_OBJC_IMPLICIT_RETAIN_SELF = YES;
				CLANG_WARN_OBJC_LITERAL_CONVERSION = YES;
				CLANG_WARN_OBJC_ROOT_CLASS = YES_ERROR;
				CLANG_WARN_RANGE_LOOP_ANALYSIS = YES;
				CLANG_WARN_STRICT_PROTOTYPES = YES;
				CLANG_WARN_SUSPICIOUS_MOVE = YES;
				CLANG_WARN_UNGUARDED_AVAILABILITY = YES_AGGRESSIVE;
				CLANG_WARN_UNREACHABLE_CODE = YES;
				CLANG_WARN__DUPLICATE_METHOD_MATCH = YES;
				CODE_SIGN_IDENTITY = "iPhone Developer";
				COPY_PHASE_STRIP = NO;
				DEBUG_INFORMATION_FORMAT = "dwarf-with-dsym";
				ENABLE_NS_ASSERTIONS = NO;
				ENABLE_STRICT_OBJC_MSGSEND = YES;
				GCC_C_LANGUAGE_STANDARD = gnu11;
				GCC_NO_COMMON_BLOCKS = YES;
				GCC_WARN_64_TO_32_BIT_CONVERSION = YES;
				GCC_WARN_ABOUT_RETURN_TYPE = YES_ERROR;
				GCC_WARN_UNDECLARED_SELECTOR = YES;
				GCC_WARN_UNINITIALIZED_AUTOS = YES_AGGRESSIVE;
				GCC_WARN_UNUSED_FUNCTION = YES;
				GCC_WARN_UNUSED_VARIABLE = YES;
				IPHONEOS_DEPLOYMENT_TARGET = 12.1;
				MTL_ENABLE_DEBUG_INFO = NO;
				MTL_FAST_MATH = YES;
				SDKROOT = iphoneos;
				SWIFT_COMPILATION_MODE = wholemodule;
				SWIFT_OPTIMIZATION_LEVEL = "-O";
				VALIDATE_PRODUCT = YES;
			};
			name = Release;
		};
		5FE987C92240E006003D72A6 /* Debug */ = {
			isa = XCBuildConfiguration;
			buildSettings = {
				ASSETCATALOG_COMPILER_APPICON_NAME = AppIcon;
				CODE_SIGN_STYLE = Automatic;
				DEVELOPMENT_TEAM = CL9D5X3K7U;
				INFOPLIST_FILE = AccountTest100/Info.plist;
				IPHONEOS_DEPLOYMENT_TARGET = 10.0;
				LD_RUNPATH_SEARCH_PATHS = (
					"$(inherited)",
					"@executable_path/Frameworks",
				);
				PRODUCT_BUNDLE_IDENTIFIER = Deepreality.AccountTest100;
				PRODUCT_NAME = "$(TARGET_NAME)";
				SWIFT_VERSION = 4.2;
				TARGETED_DEVICE_FAMILY = "1,2";
			};
			name = Debug;
		};
		5FE987CA2240E006003D72A6 /* Release */ = {
			isa = XCBuildConfiguration;
			buildSettings = {
				ASSETCATALOG_COMPILER_APPICON_NAME = AppIcon;
				CODE_SIGN_STYLE = Automatic;
				DEVELOPMENT_TEAM = CL9D5X3K7U;
				INFOPLIST_FILE = AccountTest100/Info.plist;
				IPHONEOS_DEPLOYMENT_TARGET = 10.0;
				LD_RUNPATH_SEARCH_PATHS = (
					"$(inherited)",
					"@executable_path/Frameworks",
				);
				PRODUCT_BUNDLE_IDENTIFIER = Deepreality.AccountTest100;
				PRODUCT_NAME = "$(TARGET_NAME)";
				SWIFT_VERSION = 4.2;
				TARGETED_DEVICE_FAMILY = "1,2";
			};
			name = Release;
		};
		5FE987CC2240E006003D72A6 /* Debug */ = {
			isa = XCBuildConfiguration;
			buildSettings = {
				ALWAYS_EMBED_SWIFT_STANDARD_LIBRARIES = YES;
				BUNDLE_LOADER = "$(TEST_HOST)";
				CODE_SIGN_STYLE = Automatic;
				DEVELOPMENT_TEAM = CL9D5X3K7U;
				INFOPLIST_FILE = AccountTest100Tests/Info.plist;
				LD_RUNPATH_SEARCH_PATHS = (
					"$(inherited)",
					"@executable_path/Frameworks",
					"@loader_path/Frameworks",
				);
				PRODUCT_BUNDLE_IDENTIFIER = Deepreality.AccountTest100Tests;
				PRODUCT_NAME = "$(TARGET_NAME)";
				SWIFT_VERSION = 4.2;
				TARGETED_DEVICE_FAMILY = "1,2";
				TEST_HOST = "$(BUILT_PRODUCTS_DIR)/AccountTest100.app/AccountTest100";
			};
			name = Debug;
		};
		5FE987CD2240E006003D72A6 /* Release */ = {
			isa = XCBuildConfiguration;
			buildSettings = {
				ALWAYS_EMBED_SWIFT_STANDARD_LIBRARIES = YES;
				BUNDLE_LOADER = "$(TEST_HOST)";
				CODE_SIGN_STYLE = Automatic;
				DEVELOPMENT_TEAM = CL9D5X3K7U;
				INFOPLIST_FILE = AccountTest100Tests/Info.plist;
				LD_RUNPATH_SEARCH_PATHS = (
					"$(inherited)",
					"@executable_path/Frameworks",
					"@loader_path/Frameworks",
				);
				PRODUCT_BUNDLE_IDENTIFIER = Deepreality.AccountTest100Tests;
				PRODUCT_NAME = "$(TARGET_NAME)";
				SWIFT_VERSION = 4.2;
				TARGETED_DEVICE_FAMILY = "1,2";
				TEST_HOST = "$(BUILT_PRODUCTS_DIR)/AccountTest100.app/AccountTest100";
			};
			name = Release;
		};
		5FE987CF2240E006003D72A6 /* Debug */ = {
			isa = XCBuildConfiguration;
			buildSettings = {
				ALWAYS_EMBED_SWIFT_STANDARD_LIBRARIES = YES;
				CODE_SIGN_STYLE = Automatic;
				DEVELOPMENT_TEAM = CL9D5X3K7U;
				INFOPLIST_FILE = AccountTest100UITests/Info.plist;
				LD_RUNPATH_SEARCH_PATHS = (
					"$(inherited)",
					"@executable_path/Frameworks",
					"@loader_path/Frameworks",
				);
				PRODUCT_BUNDLE_IDENTIFIER = Deepreality.AccountTest100UITests;
				PRODUCT_NAME = "$(TARGET_NAME)";
				SWIFT_VERSION = 4.2;
				TARGETED_DEVICE_FAMILY = "1,2";
				TEST_TARGET_NAME = AccountTest100;
			};
			name = Debug;
		};
		5FE987D02240E006003D72A6 /* Release */ = {
			isa = XCBuildConfiguration;
			buildSettings = {
				ALWAYS_EMBED_SWIFT_STANDARD_LIBRARIES = YES;
				CODE_SIGN_STYLE = Automatic;
				DEVELOPMENT_TEAM = CL9D5X3K7U;
				INFOPLIST_FILE = AccountTest100UITests/Info.plist;
				LD_RUNPATH_SEARCH_PATHS = (
					"$(inherited)",
					"@executable_path/Frameworks",
					"@loader_path/Frameworks",
				);
				PRODUCT_BUNDLE_IDENTIFIER = Deepreality.AccountTest100UITests;
				PRODUCT_NAME = "$(TARGET_NAME)";
				SWIFT_VERSION = 4.2;
				TARGETED_DEVICE_FAMILY = "1,2";
				TEST_TARGET_NAME = AccountTest100;
			};
			name = Release;
		};
/* End XCBuildConfiguration section */

/* Begin XCConfigurationList section */
		5FE987982240E005003D72A6 /* Build configuration list for PBXProject "AccountTest100" */ = {
			isa = XCConfigurationList;
			buildConfigurations = (
				5FE987C62240E006003D72A6 /* Debug */,
				5FE987C72240E006003D72A6 /* Release */,
			);
			defaultConfigurationIsVisible = 0;
			defaultConfigurationName = Release;
		};
		5FE987C82240E006003D72A6 /* Build configuration list for PBXNativeTarget "AccountTest100" */ = {
			isa = XCConfigurationList;
			buildConfigurations = (
				5FE987C92240E006003D72A6 /* Debug */,
				5FE987CA2240E006003D72A6 /* Release */,
			);
			defaultConfigurationIsVisible = 0;
			defaultConfigurationName = Release;
		};
		5FE987CB2240E006003D72A6 /* Build configuration list for PBXNativeTarget "AccountTest100Tests" */ = {
			isa = XCConfigurationList;
			buildConfigurations = (
				5FE987CC2240E006003D72A6 /* Debug */,
				5FE987CD2240E006003D72A6 /* Release */,
			);
			defaultConfigurationIsVisible = 0;
			defaultConfigurationName = Release;
		};
		5FE987CE2240E006003D72A6 /* Build configuration list for PBXNativeTarget "AccountTest100UITests" */ = {
			isa = XCConfigurationList;
			buildConfigurations = (
				5FE987CF2240E006003D72A6 /* Debug */,
				5FE987D02240E006003D72A6 /* Release */,
			);
			defaultConfigurationIsVisible = 0;
			defaultConfigurationName = Release;
		};
/* End XCConfigurationList section */

/* Begin XCVersionGroup section */
		5FE987A72240E005003D72A6 /* AccountTest100.xcdatamodeld */ = {
			isa = XCVersionGroup;
			children = (
				5FE987A82240E005003D72A6 /* AccountTest100.xcdatamodel */,
			);
			currentVersion = 5FE987A82240E005003D72A6 /* AccountTest100.xcdatamodel */;
			path = AccountTest100.xcdatamodeld;
			sourceTree = "<group>";
			versionGroupType = wrapper.xcdatamodel;
		};
/* End XCVersionGroup section */
	};
	rootObject = 5FE987952240E005003D72A6 /* Project object */;
}
